{
  "version": 4,
  "terraform_version": "1.14.8",
  "serial": 1,
  "lineage": "072631c5-c606-d6aa-5eb1-21338a2ceb51",
  "outputs": {
    "environment": {
      "value": "development",
      "type": "string"
    },
    "infrastructure_plan_file": {
      "value": "./infrastructure-plan.txt",
      "type": "string"
    },
    "project_name": {
      "value": "hotel-booking-sre-project",
      "type": "string"
    }
  },
  "resources": [
    {
      "mode": "managed",
      "type": "local_file",
      "name": "vm_provisioning_plan",
      "provider": "provider[\"registry.terraform.io/hashicorp/local\"]",
      "instances": [
        {
          "schema_version": 0,
          "attributes": {
            "content": "Hotel Booking SRE Infrastructure Provisioning Plan\r\n\r\nThis file was generated automatically by Terraform.\r\n\r\nProvisioned Infrastructure:\r\n\r\nVM 1: Docker Swarm Manager Node\r\n- Purpose: Runs Docker Swarm services\r\n- Components: API Gateway, microservices replicas\r\n- Ports: 8080\r\n\r\nVM 2: Kubernetes Worker Node\r\n- Purpose: Runs Kubernetes deployments and services\r\n- Components: Booking Service, Payment Service, Hotel Service, Room Service\r\n- Features: self-healing, replicas, HPA\r\n\r\nVM 3: Monitoring Node\r\n- Purpose: Runs monitoring and observability tools\r\n- Components: Prometheus and Grafana\r\n- Ports: 9090, 3000\r\n\r\nDatabase Layer:\r\n- PostgreSQL for main relational data\r\n- Redis for caching\r\n\r\nNetwork:\r\n- API Gateway: port 8080\r\n- Prometheus: port 9090\r\n- Grafana: port 3000\r\n- PostgreSQL: port 5432\r\n- Redis: port 6379\r\n",
            "content_base64": null,
            "content_base64sha256": "EYiuw/lPbLL6+clcWOBwdiypeSPce4FuYRwZb75pJ/A=",
            "content_base64sha512": "CJpWqxIQ58BfoLldeZ8uJSHL3D8lPoptcL9WgrzOH96L0OGwCgama3T9gF+iEaI7i7G432esOEOdXmuQgkWjNQ==",
            "content_md5": "536dd19fd3edf8b26850c45fab016c72",
            "content_sha1": "db8ba7ae1dea9acc761d32c97d00262f64924fce",
            "content_sha256": "1188aec3f94f6cb2faf9c95c58e070762ca97923dc7b816e611c196fbe6927f0",
            "content_sha512": "089a56ab1210e7c05fa0b95d799f2e2521cbdc3f253e8a6d70bf5682bcce1fde8bd0e1b00a06a66b74fd805fa211a23b8bb1b8df67ac38439d5e6b908245a335",
            "directory_permission": "0777",
            "file_permission": "0777",
            "filename": "./infrastructure-plan.txt",
            "id": "db8ba7ae1dea9acc761d32c97d00262f64924fce",
            "sensitive_content": null,
            "source": null
          },
          "sensitive_attributes": [
            [
              {
                "type": "get_attr",
                "value": "sensitive_content"
              }
            ]
          ],
          "identity_schema_version": 0
        }
      ]
    }
  ],
  "check_results": null
}
